
Microsoft Visual Studio Solution File, Format Version 12.00
# Visual Studio Version 16
VisualStudioVersion = 16.0.32901.82
MinimumVisualStudioVersion = 10.0.40219.1
Project("{8BC9CEB8-8B4A-11D0-8D11-00A0C91BC942}") = "RemoteRocker", "RemoteRocker.vcxproj", "{2D509AF5-2948-4DD3-8674-88E3A4B9365E}"
EndProject
Global
	GlobalSection(SolutionConfigurationPlatforms) = preSolution
		Debug|x64 = Debug|x64
		Debug|x86 = Debug|x86
		Release|x64 = Release|x64
		Release|x86 = Release|x86
	EndGlobalSection
	GlobalSection(ProjectConfigurationPlatforms) = postSolution
		{2D509AF5-2948-4DD3-8674-88E3A4B9365E}.Debug|x64.ActiveCfg = Debug|x64
		{2D509AF5-2948-4DD3-8674-88E3A4B9365E}.Debug|x64.Build.0 = Debug|x64
		{2D509AF5-2948-4DD3-8674-88E3A4B9365E}.Debug|x86.ActiveCfg = Debug|Win32
		{2D509AF5-2948-4DD3-8674-88E3A4B9365E}.Debug|x86.Build.0 = Debug|Win32
		{2D509AF5-2948-4DD3-8674-88E3A4B9365E}.Release|x64.ActiveCfg = Release|x64
		{2D509AF5-2948-4DD3-8674-88E3A4B9365E}.Release|x64.Build.0 = Release|x64
		{2D509AF5-2948-4DD3-8674-88E3A4B9365E}.Release|x86.ActiveCfg = Release|Win32
		{2D509AF5-2948-4DD3-8674-88E3A4B9365E}.Release|x86.Build.0 = Release|Win32
	EndGlobalSection
	GlobalSection(SolutionProperties) = preSolution
		HideSolutionNode = FALSE
	EndGlobalSection
	GlobalSection(ExtensibilityGlobals) = postSolution
		SolutionGuid = {4F6C6E88-9862-48C8-9272-B4587DDF5815}
	EndGlobalSection
EndGlobal
